// !$*UTF8*$!
{
	archiveVersion = 1;
	classes = {
	};
	objectVersion = 48;
	objects = {

/* Begin PBXBuildFile section */
		C2A8E30A20F856390084BE5E /* Configs.swift in Sources */ = {isa = PBXBuildFile; fileRef = C2A8E30920F856390084BE5E /* Configs.swift */; };
		C2EBEF252642513F009861E1 /* ColorService.swift in Sources */ = {isa = PBXBuildFile; fileRef = C2EBEF242642513F009861E1 /* ColorService.swift */; };
		C2EE664B20F81CCE008243D8 /* AppDelegate.swift in Sources */ = {isa = PBXBuildFile; fileRef = C2EE664A20F81CCE008243D8 /* AppDelegate.swift */; };
		C2EE665020F81CCE008243D8 /* Main.storyboard in Resources */ = {isa = PBXBuildFile; fileRef = C2EE664E20F81CCE008243D8 /* Main.storyboard */; };
		C2EE665220F81CCE008243D8 /* Assets.xcassets in Resources */ = {isa = PBXBuildFile; fileRef = C2EE665120F81CCE008243D8 /* Assets.xcassets */; };
		C2EE665520F81CCE008243D8 /* LaunchScreen.storyboard in Resources */ = {isa = PBXBuildFile; fileRef = C2EE665320F81CCE008243D8 /* LaunchScreen.storyboard */; };
		C2EE665D20F81D1D008243D8 /* MainVC.swift in Sources */ = {isa = PBXBuildFile; fileRef = C2EE665C20F81D1D008243D8 /* MainVC.swift */; };
		C2EE666020F81D71008243D8 /* Circle.swift in Sources */ = {isa = PBXBuildFile; fileRef = C2EE665F20F81D71008243D8 /* Circle.swift */; };
/* End PBXBuildFile section */

/* Begin PBXFileReference section */
		C2A8E30920F856390084BE5E /* Configs.swift */ = {isa = PBXFileReference; lastKnownFileType = sourcecode.swift; path = Configs.swift; sourceTree = "<group>"; };
		C2EBEF242642513F009861E1 /* ColorService.swift */ = {isa = PBXFileReference; lastKnownFileType = sourcecode.swift; path = ColorService.swift; sourceTree = "<group>"; };
		C2EE664720F81CCE008243D8 /* Circles.app */ = {isa = PBXFileReference; explicitFileType = wrapper.application; includeInIndex = 0; path = Circles.app; sourceTree = BUILT_PRODUCTS_DIR; };
		C2EE664A20F81CCE008243D8 /* AppDelegate.swift */ = {isa = PBXFileReference; lastKnownFileType = sourcecode.swift; path = AppDelegate.swift; sourceTree = "<group>"; };
		C2EE664F20F81CCE008243D8 /* Base */ = {isa = PBXFileReference; lastKnownFileType = file.storyboard; name = Base; path = Base.lproj/Main.storyboard; sourceTree = "<group>"; };
		C2EE665120F81CCE008243D8 /* Assets.xcassets */ = {isa = PBXFileReference; lastKnownFileType = folder.assetcatalog; path = Assets.xcassets; sourceTree = "<group>"; };
		C2EE665420F81CCE008243D8 /* Base */ = {isa = PBXFileReference; lastKnownFileType = file.storyboard; name = Base; path = Base.lproj/LaunchScreen.storyboard; sourceTree = "<group>"; };
		C2EE665620F81CCE008243D8 /* Info.plist */ = {isa = PBXFileReference; lastKnownFileType = text.plist.xml; path = Info.plist; sourceTree = "<group>"; };
		C2EE665C20F81D1D008243D8 /* MainVC.swift */ = {isa = PBXFileReference; lastKnownFileType = sourcecode.swift; path = MainVC.swift; sourceTree = "<group>"; };
		C2EE665F20F81D71008243D8 /* Circle.swift */ = {isa = PBXFileReference; lastKnownFileType = sourcecode.swift; path = Circle.swift; sourceTree = "<group>"; };
/* End PBXFileReference section */

/* Begin PBXFrameworksBuildPhase section */
		C2EE664420F81CCE008243D8 /* Frameworks */ = {
			isa = PBXFrameworksBuildPhase;
			buildActionMask = 2147483647;
			files = (
			);
			runOnlyForDeploymentPostprocessing = 0;
		};
/* End PBXFrameworksBuildPhase section */

/* Begin PBXGroup section */
		C2EBEF2926425331009861E1 /* NetworkServices */ = {
			isa = PBXGroup;
			children = (
				C2EBEF242642513F009861E1 /* ColorService.swift */,
			);
			path = NetworkServices;
			sourceTree = "<group>";
		};
		C2EE663E20F81CCE008243D8 = {
			isa = PBXGroup;
			children = (
				C2EE664920F81CCE008243D8 /* Circles */,
				C2EE664820F81CCE008243D8 /* Products */,
			);
			sourceTree = "<group>";
		};
		C2EE664820F81CCE008243D8 /* Products */ = {
			isa = PBXGroup;
			children = (
				C2EE664720F81CCE008243D8 /* Circles.app */,
			);
			name = Products;
			sourceTree = "<group>";
		};
		C2EE664920F81CCE008243D8 /* Circles */ = {
			isa = PBXGroup;
			children = (
				C2EE664A20F81CCE008243D8 /* AppDelegate.swift */,
				C2EE666120F81D75008243D8 /* Models */,
				C2EE665E20F81D23008243D8 /* Views */,
				C2EE666420F81DA9008243D8 /* Controllers */,
				C2EE664E20F81CCE008243D8 /* Main.storyboard */,
				C2EE665120F81CCE008243D8 /* Assets.xcassets */,
				C2EE665320F81CCE008243D8 /* LaunchScreen.storyboard */,
				C2EE665620F81CCE008243D8 /* Info.plist */,
			);
			path = Circles;
			sourceTree = "<group>";
		};
		C2EE665E20F81D23008243D8 /* Views */ = {
			isa = PBXGroup;
			children = (
				C2EE665F20F81D71008243D8 /* Circle.swift */,
			);
			path = Views;
			sourceTree = "<group>";
		};
		C2EE666120F81D75008243D8 /* Models */ = {
			isa = PBXGroup;
			children = (
				C2EBEF2926425331009861E1 /* NetworkServices */,
				C2A8E30920F856390084BE5E /* Configs.swift */,
			);
			path = Models;
			sourceTree = "<group>";
		};
		C2EE666420F81DA9008243D8 /* Controllers */ = {
			isa = PBXGroup;
			children = (
				C2EE665C20F81D1D008243D8 /* MainVC.swift */,
			);
			path = Controllers;
			sourceTree = "<group>";
		};
/* End PBXGroup section */

/* Begin PBXNativeTarget section */
		C2EE664620F81CCE008243D8 /* Circles */ = {
			isa = PBXNativeTarget;
			buildConfigurationList = C2EE665920F81CCE008243D8 /* Build configuration list for PBXNativeTarget "Circles" */;
			buildPhases = (
				C2EE664320F81CCE008243D8 /* Sources */,
				C2EE664420F81CCE008243D8 /* Frameworks */,
				C2EE664520F81CCE008243D8 /* Resources */,
			);
			buildRules = (
			);
			dependencies = (
			);
			name = Circles;
			productName = Circles;
			productReference = C2EE664720F81CCE008243D8 /* Circles.app */;
			productType = "com.apple.product-type.application";
		};
/* End PBXNativeTarget section */

/* Begin PBXProject section */
		C2EE663F20F81CCE008243D8 /* Project object */ = {
			isa = PBXProject;
			attributes = {
				LastSwiftUpdateCheck = 0900;
				LastUpgradeCheck = 1130;
				ORGANIZATIONNAME = "Gary Mansted";
				TargetAttributes = {
					C2EE664620F81CCE008243D8 = {
						CreatedOnToolsVersion = 9.0;
						LastSwiftMigration = 1130;
						ProvisioningStyle = Automatic;
					};
				};
			};
			buildConfigurationList = C2EE664220F81CCE008243D8 /* Build configuration list for PBXProject "Circles" */;
			compatibilityVersion = "Xcode 8.0";
			developmentRegion = en;
			hasScannedForEncodings = 0;
			knownRegions = (
				en,
				Base,
			);
			mainGroup = C2EE663E20F81CCE008243D8;
			productRefGroup = C2EE664820F81CCE008243D8 /* Products */;
			projectDirPath = "";
			projectRoot = "";
			targets = (
				C2EE664620F81CCE008243D8 /* Circles */,
			);
		};
/* End PBXProject section */

/* Begin PBXResourcesBuildPhase section */
		C2EE664520F81CCE008243D8 /* Resources */ = {
			isa = PBXResourcesBuildPhase;
			buildActionMask = 2147483647;
			files = (
				C2EE665520F81CCE008243D8 /* LaunchScreen.storyboard in Resources */,
				C2EE665220F81CCE008243D8 /* Assets.xcassets in Resources */,
				C2EE665020F81CCE008243D8 /* Main.storyboard in Resources */,
			);
			runOnlyForDeploymentPostprocessing = 0;
		};
/* End PBXResourcesBuildPhase section */

/* Begin PBXSourcesBuildPhase section */
		C2EE664320F81CCE008243D8 /* Sources */ = {
			isa = PBXSourcesBuildPhase;
			buildActionMask = 2147483647;
			files = (
				C2A8E30A20F856390084BE5E /* Configs.swift in Sources */,
				C2EE664B20F81CCE008243D8 /* AppDelegate.swift in Sources */,
				C2EE665D20F81D1D008243D8 /* MainVC.swift in Sources */,
				C2EBEF252642513F009861E1 /* ColorService.swift in Sources */,
				C2EE666020F81D71008243D8 /* Circle.swift in Sources */,
			);
			runOnlyForDeploymentPostprocessing = 0;
		};
/* End PBXSourcesBuildPhase section */

/* Begin PBXVariantGroup section */
		C2EE664E20F81CCE008243D8 /* Main.storyboard */ = {
			isa = PBXVariantGroup;
			children = (
				C2EE664F20F81CCE008243D8 /* Base */,
			);
			name = Main.storyboard;
			sourceTree = "<group>";
		};
		C2EE665320F81CCE008243D8 /* LaunchScreen.storyboard */ = {
			isa = PBXVariantGroup;
			children = (
				C2EE665420F81CCE008243D8 /* Base */,
			);
			name = LaunchScreen.storyboard;
			sourceTree = "<group>";
		};
/* End PBXVariantGroup section */

/* Begin XCBuildConfiguration section */
		C2EE665720F81CCE008243D8 /* Debug */ = {
			isa = XCBuildConfiguration;
			buildSettings = {
				ALWAYS_SEARCH_USER_PATHS = NO;
				CLANG_ANALYZER_NONNULL = YES;
				CLANG_ANALYZER_NUMBER_OBJECT_CONVERSION = YES_AGGRESSIVE;
				CLANG_CXX_LANGUAGE_STANDARD = "gnu++14";
				CLANG_CXX_LIBRARY = "libc++";
				CLANG_ENABLE_MODULES = YES;
				CLANG_ENABLE_OBJC_ARC = YES;
				CLANG_WARN_BLOCK_CAPTURE_AUTORELEASING = YES;
				CLANG_WARN_BOOL_CONVERSION = YES;
				CLANG_WARN_COMMA = YES;
				CLANG_WARN_CONSTANT_CONVERSION = YES;
				CLANG_WARN_DEPRECATED_OBJC_IMPLEMENTATIONS = YES;
				CLANG_WARN_DIRECT_OBJC_ISA_USAGE = YES_ERROR;
				CLANG_WARN_DOCUMENTATION_COMMENTS = YES;
				CLANG_WARN_EMPTY_BODY = YES;
				CLANG_WARN_ENUM_CONVERSION = YES;
				CLANG_WARN_INFINITE_RECURSION = YES;
				CLANG_WARN_INT_CONVERSION = YES;
				CLANG_WARN_NON_LITERAL_NULL_CONVERSION = YES;
				CLANG_WARN_OBJC_IMPLICIT_RETAIN_SELF = YES;
				CLANG_WARN_OBJC_LITERAL_CONVERSION = YES;
				CLANG_WARN_OBJC_ROOT_CLASS = YES_ERROR;
				CLANG_WARN_RANGE_LOOP_ANALYSIS = YES;
				CLANG_WARN_STRICT_PROTOTYPES = YES;
				CLANG_WARN_SUSPICIOUS_MOVE = YES;
				CLANG_WARN_UNGUARDED_AVAILABILITY = YES_AGGRESSIVE;
				CLANG_WARN_UNREACHABLE_CODE = YES;
				CLANG_WARN__DUPLICATE_METHOD_MATCH = YES;
				CODE_SIGN_IDENTITY = "iPhone Developer";
				COPY_PHASE_STRIP = NO;
				DEBUG_INFORMATION_FORMAT = dwarf;
				ENABLE_STRICT_OBJC_MSGSEND = YES;
				ENABLE_TESTABILITY = YES;
				GCC_C_LANGUAGE_STANDARD = gnu11;
				GCC_DYNAMIC_NO_PIC = NO;
				GCC_NO_COMMON_BLOCKS = YES;
				GCC_OPTIMIZATION_LEVEL = 0;
				GCC_PREPROCESSOR_DEFINITIONS = (
					"DEBUG=1",
					"$(inherited)",
				);
				GCC_WARN_64_TO_32_BIT_CONVERSION = YES;
				GCC_WARN_ABOUT_RETURN_TYPE = YES_ERROR;
				GCC_WARN_UNDECLARED_SELECTOR = YES;
				GCC_WARN_UNINITIALIZED_AUTOS = YES_AGGRESSIVE;
				GCC_WARN_UNUSED_FUNCTION = YES;
				GCC_WARN_UNUSED_VARIABLE = YES;
				IPHONEOS_DEPLOYMENT_TARGET = 11.0;
				MTL_ENABLE_DEBUG_INFO = YES;
				ONLY_ACTIVE_ARCH = YES;
				SDKROOT = iphoneos;
				SWIFT_ACTIVE_COMPILATION_CONDITIONS = DEBUG;
				SWIFT_OPTIMIZATION_LEVEL = "-Onone";
			};
			name = Debug;
		};
		C2EE665820F81CCE008243D8 /* Release */ = {
			isa = XCBuildConfiguration;
			buildSettings = {
				ALWAYS_SEARCH_USER_PATHS = NO;
				CLANG_ANALYZER_NONNULL = YES;
				CLANG_ANALYZER_NUMBER_OBJECT_CONVERSION = YES_AGGRESSIVE;
				CLANG_CXX_LANGUAGE_STANDARD = "gnu++14";
				CLANG_CXX_LIBRARY = "libc++";
				CLANG_ENABLE_MODULES = YES;
				CLANG_ENABLE_OBJC_ARC = YES;
				CLANG_WARN_BLOCK_CAPTURE_AUTORELEASING = YES;
				CLANG_WARN_BOOL_CONVERSION = YES;
				CLANG_WARN_COMMA = YES;
				CLANG_WARN_CONSTANT_CONVERSION = YES;
				CLANG_WARN_DEPRECATED_OBJC_IMPLEMENTATIONS = YES;
				CLANG_WARN_DIRECT_OBJC_ISA_USAGE = YES_ERROR;
				CLANG_WARN_DOCUMENTATION_COMMENTS = YES;
				CLANG_WARN_EMPTY_BODY = YES;
				CLANG_WARN_ENUM_CONVERSION = YES;
				CLANG_WARN_INFINITE_RECURSION = YES;
				CLANG_WARN_INT_CONVERSION = YES;
				CLANG_WARN_NON_LITERAL_NULL_CONVERSION = YES;
				CLANG_WARN_OBJC_IMPLICIT_RETAIN_SELF = YES;
				CLANG_WARN_OBJC_LITERAL_CONVERSION = YES;
				CLANG_WARN_OBJC_ROOT_CLASS = YES_ERROR;
				CLANG_WARN_RANGE_LOOP_ANALYSIS = YES;
				CLANG_WARN_STRICT_PROTOTYPES = YES;
				CLANG_WARN_SUSPICIOUS_MOVE = YES;
				CLANG_WARN_UNGUARDED_AVAILABILITY = YES_AGGRESSIVE;
				CLANG_WARN_UNREACHABLE_CODE = YES;
				CLANG_WARN__DUPLICATE_METHOD_MATCH = YES;
				CODE_SIGN_IDENTITY = "iPhone Developer";
				COPY_PHASE_STRIP = NO;
				DEBUG_INFORMATION_FORMAT = "dwarf-with-dsym";
				ENABLE_NS_ASSERTIONS = NO;
				ENABLE_STRICT_OBJC_MSGSEND = YES;
				GCC_C_LANGUAGE_STANDARD = gnu11;
				GCC_NO_COMMON_BLOCKS = YES;
				GCC_WARN_64_TO_32_BIT_CONVERSION = YES;
				GCC_WARN_ABOUT_RETURN_TYPE = YES_ERROR;
				GCC_WARN_UNDECLARED_SELECTOR = YES;
				GCC_WARN_UNINITIALIZED_AUTOS = YES_AGGRESSIVE;
				GCC_WARN_UNUSED_FUNCTION = YES;
				GCC_WARN_UNUSED_VARIABLE = YES;
				IPHONEOS_DEPLOYMENT_TARGET = 11.0;
				MTL_ENABLE_DEBUG_INFO = NO;
				SDKROOT = iphoneos;
				SWIFT_OPTIMIZATION_LEVEL = "-Owholemodule";
				VALIDATE_PRODUCT = YES;
			};
			name = Release;
		};
		C2EE665A20F81CCE008243D8 /* Debug */ = {
			isa = XCBuildConfiguration;
			buildSettings = {
				ASSETCATALOG_COMPILER_APPICON_NAME = AppIcon;
				CODE_SIGN_STYLE = Automatic;
				DEVELOPMENT_TEAM = 99A3LZ3EYV;
				INFOPLIST_FILE = Circles/Info.plist;
				IPHONEOS_DEPLOYMENT_TARGET = 10.0;
				LD_RUNPATH_SEARCH_PATHS = "$(inherited) @executable_path/Frameworks";
				PRODUCT_BUNDLE_IDENTIFIER = "com.purple-lava.Circles";
				PRODUCT_NAME = "$(TARGET_NAME)";
				SWIFT_VERSION = 5.0;
				TARGETED_DEVICE_FAMILY = "1,2";
			};
			name = Debug;
		};
		C2EE665B20F81CCE008243D8 /* Release */ = {
			isa = XCBuildConfiguration;
			buildSettings = {
				ASSETCATALOG_COMPILER_APPICON_NAME = AppIcon;
				CODE_SIGN_STYLE = Automatic;
				DEVELOPMENT_TEAM = 99A3LZ3EYV;
				INFOPLIST_FILE = Circles/Info.plist;
				IPHONEOS_DEPLOYMENT_TARGET = 10.0;
				LD_RUNPATH_SEARCH_PATHS = "$(inherited) @executable_path/Frameworks";
				PRODUCT_BUNDLE_IDENTIFIER = "com.purple-lava.Circles";
				PRODUCT_NAME = "$(TARGET_NAME)";
				SWIFT_VERSION = 5.0;
				TARGETED_DEVICE_FAMILY = "1,2";
			};
			name = Release;
		};
/* End XCBuildConfiguration section */

/* Begin XCConfigurationList section */
		C2EE664220F81CCE008243D8 /* Build configuration list for PBXProject "Circles" */ = {
			isa = XCConfigurationList;
			buildConfigurations = (
				C2EE665720F81CCE008243D8 /* Debug */,
				C2EE665820F81CCE008243D8 /* Release */,
			);
			defaultConfigurationIsVisible = 0;
			defaultConfigurationName = Release;
		};
		C2EE665920F81CCE008243D8 /* Build configuration list for PBXNativeTarget "Circles" */ = {
			isa = XCConfigurationList;
			buildConfigurations = (
				C2EE665A20F81CCE008243D8 /* Debug */,
				C2EE665B20F81CCE008243D8 /* Release */,
			);
			defaultConfigurationIsVisible = 0;
			defaultConfigurationName = Release;
		};
/* End XCConfigurationList section */
	};
	rootObject = C2EE663F20F81CCE008243D8 /* Project object */;
}
